
Microsoft Visual Studio Solution File, Format Version 12.00
# Visual Studio Version 17
VisualStudioVersion = 17.2.32616.157
MinimumVisualStudioVersion = 10.0.40219.1
Project("{FAE04EC0-301F-11D3-BF4B-00C04F79EFBC}") = "EasyPDF", "EasyPDF\EasyPDF.csproj", "{CFDEDA1A-A097-4F61-9CB2-98C57D05952C}"
EndProject
Project("{FAE04EC0-301F-11D3-BF4B-00C04F79EFBC}") = "EasyPDF.Test", "EasyPDF.Test\EasyPDF.Test.csproj", "{AC587F7B-B09C-4F47-87E8-79489401FE3E}"
EndProject
Global
	GlobalSection(SolutionConfigurationPlatforms) = preSolution
		Debug|Any CPU = Debug|Any CPU
		Release|Any CPU = Release|Any CPU
	EndGlobalSection
	GlobalSection(ProjectConfigurationPlatforms) = postSolution
		{CFDEDA1A-A097-4F61-9CB2-98C57D05952C}.Debug|Any CPU.ActiveCfg = Debug|Any CPU
		{CFDEDA1A-A097-4F61-9CB2-98C57D05952C}.Debug|Any CPU.Build.0 = Debug|Any CPU
		{CFDEDA1A-A097-4F61-9CB2-98C57D05952C}.Release|Any CPU.ActiveCfg = Release|Any CPU
		{CFDEDA1A-A097-4F61-9CB2-98C57D05952C}.Release|Any CPU.Build.0 = Release|Any CPU
		{AC587F7B-B09C-4F47-87E8-79489401FE3E}.Debug|Any CPU.ActiveCfg = Debug|Any CPU
		{AC587F7B-B09C-4F47-87E8-79489401FE3E}.Debug|Any CPU.Build.0 = Debug|Any CPU
		{AC587F7B-B09C-4F47-87E8-79489401FE3E}.Release|Any CPU.ActiveCfg = Release|Any CPU
		{AC587F7B-B09C-4F47-87E8-79489401FE3E}.Release|Any CPU.Build.0 = Release|Any CPU
	EndGlobalSection
	GlobalSection(SolutionProperties) = preSolution
		HideSolutionNode = FALSE
	EndGlobalSection
	GlobalSection(ExtensibilityGlobals) = postSolution
		SolutionGuid = {0234A163-8EAB-4AA8-9318-CA8E83DDD4F0}
	EndGlobalSection
EndGlobal
